{
  "name": "codekit-project",
  "version": "1.0.0",
  "lockfileVersion": 1,
  "requires": true,
  "dependencies": {
    "@fortawesome/fontawesome-pro": {
      "version": "5.15.1",
      "resolved": "https://npm.fontawesome.com/@fortawesome/fontawesome-pro/-/5.15.1/fontawesome-pro-5.15.1.tgz",
      "integrity": "sha512-6bQonxTtpPDn/38y0vC76XAiIKqCII7EWILc1kKcOMEjjOUv67IwLMz3A9iFdfFrR1BCvXKf60ScmX3G8LU7Pw=="
    },
    "normalize.css": {
      "version": "8.0.1",
      "resolved": "https://registry.npmjs.org/normalize.css/-/normalize.css-8.0.1.tgz",
      "integrity": "sha512-qizSNPO93t1YUuUhP22btGOo3chcvDFqFaj2TRybP0DMxkHOCTYwp3n34fel4a31ORXy4m1Xq0Gyqpb5m33qIg=="
    },
    "uikit": {
      "version": "3.5.9",
      "resolved": "https://registry.npmjs.org/uikit/-/uikit-3.5.9.tgz",
      "integrity": "sha512-0197WceeBMlCLscsmds6zqL8K3TOtdUCvoHPJEuYqYY2gKa7JttlA6MiyzU0yBPzDlcawXF2TdOmQ/DWy6ZDEw=="
    }
  }
}
